
Microsoft Visual Studio Solution File, Format Version 12.00
# Visual Studio Version 17
VisualStudioVersion = 17.0.32112.339
MinimumVisualStudioVersion = 10.0.40219.1
Project("{9A19103F-16F7-4668-BE54-9A1E7A4F7556}") = "TaskManager", "TaskManager\TaskManager.csproj", "{AE068754-E73A-4834-8C18-32BED08DAB26}"
EndProject
Project("{9A19103F-16F7-4668-BE54-9A1E7A4F7556}") = "TaskManager.DataAccess", "TaskManager.DataAccess\TaskManager.DataAccess.csproj", "{5228B514-1149-4D92-A1F4-52B3051B190B}"
EndProject
Project("{9A19103F-16F7-4668-BE54-9A1E7A4F7556}") = "TaskManager.BusinessLogic", "TaskManager.BusinessLogic\TaskManager.BusinessLogic.csproj", "{65B01256-FBA3-4398-A4EA-ED344C4EDD89}"
EndProject
Project("{FAE04EC0-301F-11D3-BF4B-00C04F79EFBC}") = "TaskManager.Test", "TaskManager.Test\TaskManager.Test.csproj", "{157AF750-C997-4B35-ABF7-1B3E6738309A}"
EndProject
Global
	GlobalSection(SolutionConfigurationPlatforms) = preSolution
		Debug|Any CPU = Debug|Any CPU
		Release|Any CPU = Release|Any CPU
	EndGlobalSection
	GlobalSection(ProjectConfigurationPlatforms) = postSolution
		{AE068754-E73A-4834-8C18-32BED08DAB26}.Debug|Any CPU.ActiveCfg = Debug|Any CPU
		{AE068754-E73A-4834-8C18-32BED08DAB26}.Debug|Any CPU.Build.0 = Debug|Any CPU
		{AE068754-E73A-4834-8C18-32BED08DAB26}.Release|Any CPU.ActiveCfg = Release|Any CPU
		{AE068754-E73A-4834-8C18-32BED08DAB26}.Release|Any CPU.Build.0 = Release|Any CPU
		{5228B514-1149-4D92-A1F4-52B3051B190B}.Debug|Any CPU.ActiveCfg = Debug|Any CPU
		{5228B514-1149-4D92-A1F4-52B3051B190B}.Debug|Any CPU.Build.0 = Debug|Any CPU
		{5228B514-1149-4D92-A1F4-52B3051B190B}.Release|Any CPU.ActiveCfg = Release|Any CPU
		{5228B514-1149-4D92-A1F4-52B3051B190B}.Release|Any CPU.Build.0 = Release|Any CPU
		{65B01256-FBA3-4398-A4EA-ED344C4EDD89}.Debug|Any CPU.ActiveCfg = Debug|Any CPU
		{65B01256-FBA3-4398-A4EA-ED344C4EDD89}.Debug|Any CPU.Build.0 = Debug|Any CPU
		{65B01256-FBA3-4398-A4EA-ED344C4EDD89}.Release|Any CPU.ActiveCfg = Release|Any CPU
		{65B01256-FBA3-4398-A4EA-ED344C4EDD89}.Release|Any CPU.Build.0 = Release|Any CPU
		{157AF750-C997-4B35-ABF7-1B3E6738309A}.Debug|Any CPU.ActiveCfg = Debug|Any CPU
		{157AF750-C997-4B35-ABF7-1B3E6738309A}.Debug|Any CPU.Build.0 = Debug|Any CPU
		{157AF750-C997-4B35-ABF7-1B3E6738309A}.Release|Any CPU.ActiveCfg = Release|Any CPU
		{157AF750-C997-4B35-ABF7-1B3E6738309A}.Release|Any CPU.Build.0 = Release|Any CPU
	EndGlobalSection
	GlobalSection(SolutionProperties) = preSolution
		HideSolutionNode = FALSE
	EndGlobalSection
	GlobalSection(ExtensibilityGlobals) = postSolution
		SolutionGuid = {7169BE5D-052B-456E-9B00-605B466C8A2B}
	EndGlobalSection
EndGlobal
